dependencies:
- name: oodle-k8s-auto-instrumentation
  repository: https://oodle-ai.github.io/helm-charts
  version: 1.2.10
- name: vector
  repository: https://helm.vector.dev
  version: 0.43.0
- name: vector
  repository: https://helm.vector.dev
  version: 0.43.0
- name: kubernetes-event-exporter
  repository: oci://registry-1.docker.io/bitnamicharts
  version: 3.5.6
- name: victoria-metrics-agent
  repository: https://victoriametrics.github.io/helm-charts/
  version: 0.23.0
- name: kube-state-metrics
  repository: https://prometheus-community.github.io/helm-charts
  version: 5.37.0
- name: prometheus-node-exporter
  repository: https://prometheus-community.github.io/helm-charts
  version: 4.47.0
digest: sha256:8a731012e172fa6f11e1accd29df88f613cc3513790e2a3b2bfd7ce69c59875d
generated: "2025-06-26T00:33:48.05971+05:30"
